
Microsoft Visual Studio Solution File, Format Version 12.00
# Visual Studio Version 16
VisualStudioVersion = 16.0.31911.196
MinimumVisualStudioVersion = 10.0.40219.1
Project("{9092AA53-FB77-4645-B42D-1CCCA6BD08BD}") = "HesamTelegramBot", "HesamTelegramBot\HesamTelegramBot.njsproj", "{2FBD4DCB-8083-4748-BDCB-09A1372C58DA}"
EndProject
Global
	GlobalSection(SolutionConfigurationPlatforms) = preSolution
		Debug|Any CPU = Debug|Any CPU
		Release|Any CPU = Release|Any CPU
	EndGlobalSection
	GlobalSection(ProjectConfigurationPlatforms) = postSolution
		{2FBD4DCB-8083-4748-BDCB-09A1372C58DA}.Debug|Any CPU.ActiveCfg = Debug|Any CPU
		{2FBD4DCB-8083-4748-BDCB-09A1372C58DA}.Debug|Any CPU.Build.0 = Debug|Any CPU
		{2FBD4DCB-8083-4748-BDCB-09A1372C58DA}.Release|Any CPU.ActiveCfg = Release|Any CPU
		{2FBD4DCB-8083-4748-BDCB-09A1372C58DA}.Release|Any CPU.Build.0 = Release|Any CPU
	EndGlobalSection
	GlobalSection(SolutionProperties) = preSolution
		HideSolutionNode = FALSE
	EndGlobalSection
	GlobalSection(ExtensibilityGlobals) = postSolution
		SolutionGuid = {586C867C-B6DE-49B8-98B0-29FABDC3E933}
	EndGlobalSection
EndGlobal
